
Microsoft Visual Studio Solution File, Format Version 12.00
# Visual Studio Version 17
VisualStudioVersion = 17.4.33403.182
MinimumVisualStudioVersion = 10.0.40219.1
Project("{FAE04EC0-301F-11D3-BF4B-00C04F79EFBC}") = "Postfix_Calc", "Postfix_Calc\Postfix_Calc.csproj", "{6BB972AB-ADB4-494D-B0D3-26B7CBC7792A}"
EndProject
Global
	GlobalSection(SolutionConfigurationPlatforms) = preSolution
		Debug|Any CPU = Debug|Any CPU
		Release|Any CPU = Release|Any CPU
	EndGlobalSection
	GlobalSection(ProjectConfigurationPlatforms) = postSolution
		{6BB972AB-ADB4-494D-B0D3-26B7CBC7792A}.Debug|Any CPU.ActiveCfg = Debug|Any CPU
		{6BB972AB-ADB4-494D-B0D3-26B7CBC7792A}.Debug|Any CPU.Build.0 = Debug|Any CPU
		{6BB972AB-ADB4-494D-B0D3-26B7CBC7792A}.Release|Any CPU.ActiveCfg = Release|Any CPU
		{6BB972AB-ADB4-494D-B0D3-26B7CBC7792A}.Release|Any CPU.Build.0 = Release|Any CPU
	EndGlobalSection
	GlobalSection(SolutionProperties) = preSolution
		HideSolutionNode = FALSE
	EndGlobalSection
	GlobalSection(ExtensibilityGlobals) = postSolution
		SolutionGuid = {169BFDEC-953E-4E92-9C12-17C4983F2E09}
	EndGlobalSection
EndGlobal
